
Microsoft Visual Studio Solution File, Format Version 12.00
# Visual Studio Version 17
VisualStudioVersion = 17.7.34221.43
MinimumVisualStudioVersion = 10.0.40219.1
Project("{FAE04EC0-301F-11D3-BF4B-00C04F79EFBC}") = "SRP", "SRP\SRP.csproj", "{37B841BF-82F8-4E44-A93B-02736751A7F0}"
EndProject
Project("{FAE04EC0-301F-11D3-BF4B-00C04F79EFBC}") = "OCP", "OCP\OCP.csproj", "{71B97164-0A48-4690-A902-34FA354AD4A0}"
EndProject
Project("{FAE04EC0-301F-11D3-BF4B-00C04F79EFBC}") = "LSP", "LSP\LSP.csproj", "{16C57638-43C8-4200-B4DB-02DD4B0FFBA9}"
EndProject
Project("{FAE04EC0-301F-11D3-BF4B-00C04F79EFBC}") = "ISP", "ISP\ISP.csproj", "{6B7BB34F-4975-420D-8A92-2A8E8A3498E0}"
EndProject
Project("{FAE04EC0-301F-11D3-BF4B-00C04F79EFBC}") = "DIP", "DIP\DIP.csproj", "{932E69FE-3AE6-4FAF-AC09-FA2AB2FC5E8C}"
EndProject
Global
	GlobalSection(SolutionConfigurationPlatforms) = preSolution
		Debug|Any CPU = Debug|Any CPU
		Release|Any CPU = Release|Any CPU
	EndGlobalSection
	GlobalSection(ProjectConfigurationPlatforms) = postSolution
		{37B841BF-82F8-4E44-A93B-02736751A7F0}.Debug|Any CPU.ActiveCfg = Debug|Any CPU
		{37B841BF-82F8-4E44-A93B-02736751A7F0}.Debug|Any CPU.Build.0 = Debug|Any CPU
		{37B841BF-82F8-4E44-A93B-02736751A7F0}.Release|Any CPU.ActiveCfg = Release|Any CPU
		{37B841BF-82F8-4E44-A93B-02736751A7F0}.Release|Any CPU.Build.0 = Release|Any CPU
		{71B97164-0A48-4690-A902-34FA354AD4A0}.Debug|Any CPU.ActiveCfg = Debug|Any CPU
		{71B97164-0A48-4690-A902-34FA354AD4A0}.Debug|Any CPU.Build.0 = Debug|Any CPU
		{71B97164-0A48-4690-A902-34FA354AD4A0}.Release|Any CPU.ActiveCfg = Release|Any CPU
		{71B97164-0A48-4690-A902-34FA354AD4A0}.Release|Any CPU.Build.0 = Release|Any CPU
		{16C57638-43C8-4200-B4DB-02DD4B0FFBA9}.Debug|Any CPU.ActiveCfg = Debug|Any CPU
		{16C57638-43C8-4200-B4DB-02DD4B0FFBA9}.Debug|Any CPU.Build.0 = Debug|Any CPU
		{16C57638-43C8-4200-B4DB-02DD4B0FFBA9}.Release|Any CPU.ActiveCfg = Release|Any CPU
		{16C57638-43C8-4200-B4DB-02DD4B0FFBA9}.Release|Any CPU.Build.0 = Release|Any CPU
		{6B7BB34F-4975-420D-8A92-2A8E8A3498E0}.Debug|Any CPU.ActiveCfg = Debug|Any CPU
		{6B7BB34F-4975-420D-8A92-2A8E8A3498E0}.Debug|Any CPU.Build.0 = Debug|Any CPU
		{6B7BB34F-4975-420D-8A92-2A8E8A3498E0}.Release|Any CPU.ActiveCfg = Release|Any CPU
		{6B7BB34F-4975-420D-8A92-2A8E8A3498E0}.Release|Any CPU.Build.0 = Release|Any CPU
		{932E69FE-3AE6-4FAF-AC09-FA2AB2FC5E8C}.Debug|Any CPU.ActiveCfg = Debug|Any CPU
		{932E69FE-3AE6-4FAF-AC09-FA2AB2FC5E8C}.Debug|Any CPU.Build.0 = Debug|Any CPU
		{932E69FE-3AE6-4FAF-AC09-FA2AB2FC5E8C}.Release|Any CPU.ActiveCfg = Release|Any CPU
		{932E69FE-3AE6-4FAF-AC09-FA2AB2FC5E8C}.Release|Any CPU.Build.0 = Release|Any CPU
	EndGlobalSection
	GlobalSection(SolutionProperties) = preSolution
		HideSolutionNode = FALSE
	EndGlobalSection
	GlobalSection(ExtensibilityGlobals) = postSolution
		SolutionGuid = {74AEB8E5-EC94-4412-B920-1EBA500A7F43}
	EndGlobalSection
EndGlobal
